
Microsoft Visual Studio Solution File, Format Version 12.00
# Visual Studio Version 17
VisualStudioVersion = 17.4.33205.214
MinimumVisualStudioVersion = 10.0.40219.1
Project("{FAE04EC0-301F-11D3-BF4B-00C04F79EFBC}") = "MVCApi", "MVCApi\MVCApi.csproj", "{864AADD5-2BD6-4F7A-B5D9-D6C98851B1D5}"
EndProject
Project("{FAE04EC0-301F-11D3-BF4B-00C04F79EFBC}") = "TestLib", "TestLib\TestLib.csproj", "{34C69C35-27A8-4840-9E42-0A2EBD9B0859}"
EndProject
Global
	GlobalSection(SolutionConfigurationPlatforms) = preSolution
		Debug|Any CPU = Debug|Any CPU
		Release|Any CPU = Release|Any CPU
	EndGlobalSection
	GlobalSection(ProjectConfigurationPlatforms) = postSolution
		{864AADD5-2BD6-4F7A-B5D9-D6C98851B1D5}.Debug|Any CPU.ActiveCfg = Debug|Any CPU
		{864AADD5-2BD6-4F7A-B5D9-D6C98851B1D5}.Debug|Any CPU.Build.0 = Debug|Any CPU
		{864AADD5-2BD6-4F7A-B5D9-D6C98851B1D5}.Release|Any CPU.ActiveCfg = Release|Any CPU
		{864AADD5-2BD6-4F7A-B5D9-D6C98851B1D5}.Release|Any CPU.Build.0 = Release|Any CPU
		{34C69C35-27A8-4840-9E42-0A2EBD9B0859}.Debug|Any CPU.ActiveCfg = Debug|Any CPU
		{34C69C35-27A8-4840-9E42-0A2EBD9B0859}.Debug|Any CPU.Build.0 = Debug|Any CPU
		{34C69C35-27A8-4840-9E42-0A2EBD9B0859}.Release|Any CPU.ActiveCfg = Release|Any CPU
		{34C69C35-27A8-4840-9E42-0A2EBD9B0859}.Release|Any CPU.Build.0 = Release|Any CPU
	EndGlobalSection
	GlobalSection(SolutionProperties) = preSolution
		HideSolutionNode = FALSE
	EndGlobalSection
	GlobalSection(ExtensibilityGlobals) = postSolution
		SolutionGuid = {9E393093-2F0F-4B20-9AB5-2EBEB8B29AAA}
	EndGlobalSection
EndGlobal
